Microsoft Visual Studio Solution File, Format Version 12.00
# Visual Studio Version 17
VisualStudioVersion = 17.5.2.0
MinimumVisualStudioVersion = 10.0.40219.1
Project("{2150E333-8FDC-42A3-9474-1A3956D46DE8}") = "dotnetdemos", "dotnetdemos", "{326C7292-CA0D-020E-3729-0C36BF9791C4}"
EndProject
Project("{FAE04EC0-301F-11D3-BF4B-00C04F79EFBC}") = "ProductService", "dotnetdemos\ProductService\ProductService.csproj", "{32288D90-85F5-A3AC-988E-49D68DA6B7A6}"
EndProject
Global
	GlobalSection(SolutionConfigurationPlatforms) = preSolution
		Debug|Any CPU = Debug|Any CPU
		Release|Any CPU = Release|Any CPU
	EndGlobalSection
	GlobalSection(ProjectConfigurationPlatforms) = postSolution
		{32288D90-85F5-A3AC-988E-49D68DA6B7A6}.Debug|Any CPU.ActiveCfg = Debug|Any CPU
		{32288D90-85F5-A3AC-988E-49D68DA6B7A6}.Debug|Any CPU.Build.0 = Debug|Any CPU
		{32288D90-85F5-A3AC-988E-49D68DA6B7A6}.Release|Any CPU.ActiveCfg = Release|Any CPU
		{32288D90-85F5-A3AC-988E-49D68DA6B7A6}.Release|Any CPU.Build.0 = Release|Any CPU
	EndGlobalSection
	GlobalSection(SolutionProperties) = preSolution
		HideSolutionNode = FALSE
	EndGlobalSection
	GlobalSection(NestedProjects) = preSolution
		{32288D90-85F5-A3AC-988E-49D68DA6B7A6} = {326C7292-CA0D-020E-3729-0C36BF9791C4}
	EndGlobalSection
	GlobalSection(ExtensibilityGlobals) = postSolution
		SolutionGuid = {383F9224-E5D3-41AE-8558-F64911BF4BE2}
	EndGlobalSection
EndGlobal
